
Microsoft Visual Studio Solution File, Format Version 12.00
# Visual Studio Version 17
VisualStudioVersion = 17.14.36109.1
MinimumVisualStudioVersion = 10.0.40219.1
Project("{FAE04EC0-301F-11D3-BF4B-00C04F79EFBC}") = "HotelListing.Api", "HotelListing.Api\HotelListing.Api.csproj", "{58664857-D086-42EE-B102-49888B8461AB}"
EndProject
Project("{FAE04EC0-301F-11D3-BF4B-00C04F79EFBC}") = "HotelListing.Api.Data", "HotelListing.Data\HotelListing.Api.Data.csproj", "{4429E486-A885-4108-BA2E-C348E9D2475C}"
EndProject
Project("{FAE04EC0-301F-11D3-BF4B-00C04F79EFBC}") = "HotelListing.Api.Core", "HotelListing.Api.Core\HotelListing.Api.Core.csproj", "{C576F922-413E-4E28-B08E-12CC4334D7E3}"
EndProject
Global
	GlobalSection(SolutionConfigurationPlatforms) = preSolution
		Debug|Any CPU = Debug|Any CPU
		Release|Any CPU = Release|Any CPU
	EndGlobalSection
	GlobalSection(ProjectConfigurationPlatforms) = postSolution
		{58664857-D086-42EE-B102-49888B8461AB}.Debug|Any CPU.ActiveCfg = Debug|Any CPU
		{58664857-D086-42EE-B102-49888B8461AB}.Debug|Any CPU.Build.0 = Debug|Any CPU
		{58664857-D086-42EE-B102-49888B8461AB}.Release|Any CPU.ActiveCfg = Release|Any CPU
		{58664857-D086-42EE-B102-49888B8461AB}.Release|Any CPU.Build.0 = Release|Any CPU
		{4429E486-A885-4108-BA2E-C348E9D2475C}.Debug|Any CPU.ActiveCfg = Debug|Any CPU
		{4429E486-A885-4108-BA2E-C348E9D2475C}.Debug|Any CPU.Build.0 = Debug|Any CPU
		{4429E486-A885-4108-BA2E-C348E9D2475C}.Release|Any CPU.ActiveCfg = Release|Any CPU
		{4429E486-A885-4108-BA2E-C348E9D2475C}.Release|Any CPU.Build.0 = Release|Any CPU
		{C576F922-413E-4E28-B08E-12CC4334D7E3}.Debug|Any CPU.ActiveCfg = Debug|Any CPU
		{C576F922-413E-4E28-B08E-12CC4334D7E3}.Debug|Any CPU.Build.0 = Debug|Any CPU
		{C576F922-413E-4E28-B08E-12CC4334D7E3}.Release|Any CPU.ActiveCfg = Release|Any CPU
		{C576F922-413E-4E28-B08E-12CC4334D7E3}.Release|Any CPU.Build.0 = Release|Any CPU
	EndGlobalSection
	GlobalSection(SolutionProperties) = preSolution
		HideSolutionNode = FALSE
	EndGlobalSection
	GlobalSection(ExtensibilityGlobals) = postSolution
		SolutionGuid = {3E4B10EE-B82A-4408-BA26-63398F2896EF}
	EndGlobalSection
EndGlobal
